
Microsoft Visual Studio Solution File, Format Version 12.00
# Visual Studio 2012
Project("{FAE04EC0-301F-11D3-BF4B-00C04F79EFBC}") = "Emgu2015Test", "Emgu2015Test\Emgu2015Test.csproj", "{61336A65-6879-425B-A311-572FA55CF24E}"
EndProject
Global
	GlobalSection(SolutionConfigurationPlatforms) = preSolution
		Debug|Any CPU = Debug|Any CPU
		Release|Any CPU = Release|Any CPU
	EndGlobalSection
	GlobalSection(ProjectConfigurationPlatforms) = postSolution
		{61336A65-6879-425B-A311-572FA55CF24E}.Debug|Any CPU.ActiveCfg = Debug|Any CPU
		{61336A65-6879-425B-A311-572FA55CF24E}.Debug|Any CPU.Build.0 = Debug|Any CPU
		{61336A65-6879-425B-A311-572FA55CF24E}.Release|Any CPU.ActiveCfg = Release|Any CPU
		{61336A65-6879-425B-A311-572FA55CF24E}.Release|Any CPU.Build.0 = Release|Any CPU
	EndGlobalSection
	GlobalSection(SolutionProperties) = preSolution
		HideSolutionNode = FALSE
	EndGlobalSection
EndGlobal
